
Microsoft Visual Studio Solution File, Format Version 12.00
# Visual Studio Version 17
VisualStudioVersion = 17.5.002.0
MinimumVisualStudioVersion = 10.0.40219.1
Project("{9A19103F-16F7-4668-BE54-9A1E7A4F7556}") = "StoreApp", "StoreApp.csproj", "{F854F56F-6FC9-4B1A-9C40-949EA5E0F724}"
EndProject
Global
	GlobalSection(SolutionConfigurationPlatforms) = preSolution
		Debug|Any CPU = Debug|Any CPU
		Release|Any CPU = Release|Any CPU
	EndGlobalSection
	GlobalSection(ProjectConfigurationPlatforms) = postSolution
		{F854F56F-6FC9-4B1A-9C40-949EA5E0F724}.Debug|Any CPU.ActiveCfg = Debug|Any CPU
		{F854F56F-6FC9-4B1A-9C40-949EA5E0F724}.Debug|Any CPU.Build.0 = Debug|Any CPU
		{F854F56F-6FC9-4B1A-9C40-949EA5E0F724}.Release|Any CPU.ActiveCfg = Release|Any CPU
		{F854F56F-6FC9-4B1A-9C40-949EA5E0F724}.Release|Any CPU.Build.0 = Release|Any CPU
	EndGlobalSection
	GlobalSection(SolutionProperties) = preSolution
		HideSolutionNode = FALSE
	EndGlobalSection
	GlobalSection(ExtensibilityGlobals) = postSolution
		SolutionGuid = {9F890F1D-1F07-43F6-B38C-281D49BA1489}
	EndGlobalSection
EndGlobal
