
Microsoft Visual Studio Solution File, Format Version 12.00
# Visual Studio Version 17
VisualStudioVersion = 17.5.002.0
MinimumVisualStudioVersion = 10.0.40219.1
Project("{9A19103F-16F7-4668-BE54-9A1E7A4F7556}") = "ProductsAPI", "ProductsAPI.csproj", "{D610D31A-A5B8-45CC-8AD7-6CB1DFD35983}"
EndProject
Global
	GlobalSection(SolutionConfigurationPlatforms) = preSolution
		Debug|Any CPU = Debug|Any CPU
		Release|Any CPU = Release|Any CPU
	EndGlobalSection
	GlobalSection(ProjectConfigurationPlatforms) = postSolution
		{D610D31A-A5B8-45CC-8AD7-6CB1DFD35983}.Debug|Any CPU.ActiveCfg = Debug|Any CPU
		{D610D31A-A5B8-45CC-8AD7-6CB1DFD35983}.Debug|Any CPU.Build.0 = Debug|Any CPU
		{D610D31A-A5B8-45CC-8AD7-6CB1DFD35983}.Release|Any CPU.ActiveCfg = Release|Any CPU
		{D610D31A-A5B8-45CC-8AD7-6CB1DFD35983}.Release|Any CPU.Build.0 = Release|Any CPU
	EndGlobalSection
	GlobalSection(SolutionProperties) = preSolution
		HideSolutionNode = FALSE
	EndGlobalSection
	GlobalSection(ExtensibilityGlobals) = postSolution
		SolutionGuid = {FA154838-7C62-4F49-9150-5F0D7B9B67C4}
	EndGlobalSection
EndGlobal
