
Microsoft Visual Studio Solution File, Format Version 12.00
# Visual Studio Version 17
VisualStudioVersion = 17.5.002.0
MinimumVisualStudioVersion = 10.0.40219.1
Project("{9A19103F-16F7-4668-BE54-9A1E7A4F7556}") = "IdentityApp", "IdentityApp.csproj", "{A512E806-38D9-4BB5-86DC-AA223344D89B}"
EndProject
Global
	GlobalSection(SolutionConfigurationPlatforms) = preSolution
		Debug|Any CPU = Debug|Any CPU
		Release|Any CPU = Release|Any CPU
	EndGlobalSection
	GlobalSection(ProjectConfigurationPlatforms) = postSolution
		{A512E806-38D9-4BB5-86DC-AA223344D89B}.Debug|Any CPU.ActiveCfg = Debug|Any CPU
		{A512E806-38D9-4BB5-86DC-AA223344D89B}.Debug|Any CPU.Build.0 = Debug|Any CPU
		{A512E806-38D9-4BB5-86DC-AA223344D89B}.Release|Any CPU.ActiveCfg = Release|Any CPU
		{A512E806-38D9-4BB5-86DC-AA223344D89B}.Release|Any CPU.Build.0 = Release|Any CPU
	EndGlobalSection
	GlobalSection(SolutionProperties) = preSolution
		HideSolutionNode = FALSE
	EndGlobalSection
	GlobalSection(ExtensibilityGlobals) = postSolution
		SolutionGuid = {10A919D3-B150-4751-B66C-BF76566CD2EB}
	EndGlobalSection
EndGlobal
