
Microsoft Visual Studio Solution File, Format Version 12.00
# Visual Studio Version 17
VisualStudioVersion = 17.5.001.0
MinimumVisualStudioVersion = 10.0.40219.1
Project("{9A19103F-16F7-4668-BE54-9A1E7A4F7556}") = "BtkAkademi", "BtkAkademi.csproj", "{82AA788E-970C-402A-BB92-C0106E5ACD0C}"
EndProject
Global
	GlobalSection(SolutionConfigurationPlatforms) = preSolution
		Debug|Any CPU = Debug|Any CPU
		Release|Any CPU = Release|Any CPU
	EndGlobalSection
	GlobalSection(ProjectConfigurationPlatforms) = postSolution
		{82AA788E-970C-402A-BB92-C0106E5ACD0C}.Debug|Any CPU.ActiveCfg = Debug|Any CPU
		{82AA788E-970C-402A-BB92-C0106E5ACD0C}.Debug|Any CPU.Build.0 = Debug|Any CPU
		{82AA788E-970C-402A-BB92-C0106E5ACD0C}.Release|Any CPU.ActiveCfg = Release|Any CPU
		{82AA788E-970C-402A-BB92-C0106E5ACD0C}.Release|Any CPU.Build.0 = Release|Any CPU
	EndGlobalSection
	GlobalSection(SolutionProperties) = preSolution
		HideSolutionNode = FALSE
	EndGlobalSection
	GlobalSection(ExtensibilityGlobals) = postSolution
		SolutionGuid = {C22CE2E8-BF15-4AB2-840B-BFBE73A0D077}
	EndGlobalSection
EndGlobal
